
Microsoft Visual Studio Solution File, Format Version 12.00
# Visual Studio Version 17
VisualStudioVersion = 17.4.33213.308
MinimumVisualStudioVersion = 10.0.40219.1
Project("{FAE04EC0-301F-11D3-BF4B-00C04F79EFBC}") = "Kosta-test", "Kosta-test\Kosta-test.csproj", "{B54F91B8-D44D-4248-AC10-1C58183BA7F8}"
EndProject
Global
	GlobalSection(SolutionConfigurationPlatforms) = preSolution
		Debug|Any CPU = Debug|Any CPU
		Release|Any CPU = Release|Any CPU
	EndGlobalSection
	GlobalSection(ProjectConfigurationPlatforms) = postSolution
		{B54F91B8-D44D-4248-AC10-1C58183BA7F8}.Debug|Any CPU.ActiveCfg = Debug|Any CPU
		{B54F91B8-D44D-4248-AC10-1C58183BA7F8}.Debug|Any CPU.Build.0 = Debug|Any CPU
		{B54F91B8-D44D-4248-AC10-1C58183BA7F8}.Release|Any CPU.ActiveCfg = Release|Any CPU
		{B54F91B8-D44D-4248-AC10-1C58183BA7F8}.Release|Any CPU.Build.0 = Release|Any CPU
	EndGlobalSection
	GlobalSection(SolutionProperties) = preSolution
		HideSolutionNode = FALSE
	EndGlobalSection
	GlobalSection(ExtensibilityGlobals) = postSolution
		SolutionGuid = {5566B5F8-E6BB-4283-8647-2B66C2DE2BBE}
	EndGlobalSection
EndGlobal
